schema: '2.0'
stages:
  extract_corpus:
    cmd: python scripts/extract_corpus.py --pdf data/raw/civil_code.pdf --out
      data/interim/civil_code.json --topic-overrides
      scripts/topic_overrides.json --manual-patches scripts/manual_patches.json
    deps:
    - path: data/raw/civil_code.pdf
      hash: md5
      md5: 5086ef5f16f15d856278db943e58e948
      size: 2599703
    - path: scripts/extract_corpus.py
      hash: md5
      md5: 0e6c202ce3deefefb00f5be0a32a1b60
      size: 21346
    - path: scripts/manual_patches.json
      hash: md5
      md5: bc5584ea5c2b001047bbc91a1c996a7f
      size: 1448
    - path: scripts/topic_overrides.json
      hash: md5
      md5: 8a80554c91d9fca8acb82f023de02f11
      size: 3
    outs:
    - path: data/interim/civil_code.json
      hash: md5
      md5: f99065d564dfb814bc595a175cc133ff
      size: 1300409
  validate_corpus:
    cmd: pytest tests/test_corpus_validation.py -v && touch
      data/interim/.validated
    deps:
    - path: data/interim/civil_code.json
      hash: md5
      md5: f99065d564dfb814bc595a175cc133ff
      size: 1300409
    - path: tests/test_corpus_validation.py
      hash: md5
      md5: 9c2a5265c35173e834c03215f17f78f5
      size: 5913
    outs:
    - path: data/interim/.validated
      hash: md5
      md5: d41d8cd98f00b204e9800998ecf8427e
      size: 0
  chunk_corpus:
    cmd: python scripts/chunk_corpus.py --corpus data/interim/civil_code.json
      --out data/interim/chunks.json --params params.yaml
    deps:
    - path: data/interim/.validated
      hash: md5
      md5: d41d8cd98f00b204e9800998ecf8427e
      size: 0
    - path: data/interim/civil_code.json
      hash: md5
      md5: f99065d564dfb814bc595a175cc133ff
      size: 1300409
    - path: scripts/chunk_corpus.py
      hash: md5
      md5: 06a048dc8cf5ea636210a1a7034b9e60
      size: 10271
    params:
      params.yaml:
        chunking.dedupe_repealed_ranges: true
        chunking.paragraph_split_threshold_chars: 700
    outs:
    - path: data/interim/chunks.json
      hash: md5
      md5: d8a9616908de58e16a26de5fb3b53b06
      size: 1351941
  embed_index:
    cmd: python scripts/embed_and_index.py --chunks data/interim/chunks.json
      --params params.yaml --docs-dir data/documents
    deps:
    - path: data/documents
      hash: md5
      md5: 6e9815368eaf5b88e2266402ba307a98.dir
      size: 1862
      nfiles: 2
    - path: data/interim/chunks.json
      hash: md5
      md5: d8a9616908de58e16a26de5fb3b53b06
      size: 1351941
    - path: scripts/documents.py
      hash: md5
      md5: 5e2759083a3f874b2827f5bc9ea89547
      size: 4733
    - path: scripts/embed_and_index.py
      hash: md5
      md5: 0348092b71c7114aaf57096cf527e311
      size: 5786
    params:
      params.yaml:
        chunking.dedupe_repealed_ranges: true
        chunking.paragraph_split_threshold_chars: 700
        embedding.batch_size: 32
        embedding.model_name: BAAI/bge-m3
        qdrant.collection_name: egyptian_civil_code
        qdrant.storage_path: data/processed/qdrant_storage
    outs:
    - path: data/processed/qdrant_storage
      hash: md5
      md5: 02717441cf03bba3855db50c39afa69a.dir
      size: 24691254
      nfiles: 3
