schema: '2.0'
stages:
  extract_corpus:
    cmd: python scripts/extract_corpus.py --pdf data/raw/civil_code.pdf --out 
      data/interim/civil_code.json --topic-overrides 
      scripts/topic_overrides.json --manual-patches scripts/manual_patches.json
    deps:
    - path: data/raw/civil_code.pdf
      hash: md5
      md5: 5086ef5f16f15d856278db943e58e948
      size: 2599703
    - path: scripts/extract_corpus.py
      hash: md5
      md5: e6faa7b6f8fc427a7d34eb13c6257194
      size: 21217
    - path: scripts/manual_patches.json
      hash: md5
      md5: bc5584ea5c2b001047bbc91a1c996a7f
      size: 1448
    - path: scripts/topic_overrides.json
      hash: md5
      md5: 8a80554c91d9fca8acb82f023de02f11
      size: 3
    outs:
    - path: data/interim/civil_code.json
      hash: md5
      md5: f99065d564dfb814bc595a175cc133ff
      size: 1300409
  validate_corpus:
    cmd: pytest tests/test_corpus_validation.py -v && touch 
      data/interim/.validated
    deps:
    - path: data/interim/civil_code.json
      hash: md5
      md5: f99065d564dfb814bc595a175cc133ff
      size: 1300409
    - path: tests/test_corpus_validation.py
      hash: md5
      md5: b444de9fdaa89d6119612b16574b6c5b
      size: 5921
    outs:
    - path: data/interim/.validated
      hash: md5
      md5: d41d8cd98f00b204e9800998ecf8427e
      size: 0
  chunk_corpus:
    cmd: python scripts/chunk_corpus.py --corpus data/interim/civil_code.json 
      --out data/interim/chunks.json --params params.yaml
    deps:
    - path: data/interim/.validated
      hash: md5
      md5: d41d8cd98f00b204e9800998ecf8427e
      size: 0
    - path: data/interim/civil_code.json
      hash: md5
      md5: f99065d564dfb814bc595a175cc133ff
      size: 1300409
    - path: scripts/chunk_corpus.py
      hash: md5
      md5: 80da2d6dd7f0c628761f550c9319cb86
      size: 12271
    params:
      params.yaml:
        chunking.dedupe_repealed_ranges: true
        chunking.paragraph_split_threshold_chars: 700
    outs:
    - path: data/interim/chunks.json
      hash: md5
      md5: d8a9616908de58e16a26de5fb3b53b06
      size: 1351941
